{
  "name": "github-users-data-presenter",
  "version": "0.1.0",
  "lockfileVersion": 1,
  "requires": true,
  "dependencies": {
    "react-redux-oauth": {
      "version": "1.0.0",
      "resolved": "https://registry.npmjs.org/react-redux-oauth/-/react-redux-oauth-1.0.0.tgz",
      "integrity": "sha1-dqN9574WILGQdP3e6Vyl0wuJjpA="
    }
  }
}
